
Microsoft Visual Studio Solution File, Format Version 12.00
# Visual Studio 15
VisualStudioVersion = 15.0.27130.2024
MinimumVisualStudioVersion = 10.0.40219.1
Project("{FAE04EC0-301F-11D3-BF4B-00C04F79EFBC}") = "Crm", "Crm\Crm.csproj", "{613DA111-F0C4-4CC0-8F0D-08C73FAAA80E}"
EndProject
Global
	GlobalSection(SolutionConfigurationPlatforms) = preSolution
		Debug|Any CPU = Debug|Any CPU
		Release|Any CPU = Release|Any CPU
	EndGlobalSection
	GlobalSection(ProjectConfigurationPlatforms) = postSolution
		{613DA111-F0C4-4CC0-8F0D-08C73FAAA80E}.Debug|Any CPU.ActiveCfg = Debug|Any CPU
		{613DA111-F0C4-4CC0-8F0D-08C73FAAA80E}.Debug|Any CPU.Build.0 = Debug|Any CPU
		{613DA111-F0C4-4CC0-8F0D-08C73FAAA80E}.Release|Any CPU.ActiveCfg = Release|Any CPU
		{613DA111-F0C4-4CC0-8F0D-08C73FAAA80E}.Release|Any CPU.Build.0 = Release|Any CPU
	EndGlobalSection
	GlobalSection(SolutionProperties) = preSolution
		HideSolutionNode = FALSE
	EndGlobalSection
	GlobalSection(ExtensibilityGlobals) = postSolution
		SolutionGuid = {357218BD-6214-4155-9B86-86627A9F3D97}
	EndGlobalSection
EndGlobal
